spec = "lexlean/lock/1"
language = "1.1"
compiler_semantics = "49561889f77c9c3571da51e8e53233da9df5ab8f46d16165159425ba2e82dc44"
project_config_sha256 = "a0ac8a3fff306530552ef96a685ff02f2d88e44a53dc514d89e058538a8e05e6"
lean_toolchain = "leanprover/lean4:v4.32.1"

[[workspace_file]]
path = "lake-manifest.json"
sha256 = "3ff0cd394750f846c95599c9ab1f6d61e09be08b0cab717a96b52ed0d95bd928"

[[workspace_file]]
path = "lakefile.toml"
sha256 = "bad3e175ebcc265bb9dbc2b1a3294f28135ea15e3af6fa94e9a221219238d07e"

[[workspace_file]]
path = "lean-toolchain"
sha256 = "97402b00d0468725baf4a753bf630ad69d0c588df2a7f5a849429b7926dfe000"

[[package]]
id = "lexlean.core"
version = "1.1.0"
kind = "builtin"
source = "embedded"
revision = "compiler-semantics"
tree_sha256 = "c2a6e1ec065a2ce4e78db6bcb9ec3d511b5b4f4dc4c6db29f8c914da6d64d012"
manifest_sha256 = "b40fae762f71fbe14c8f5012adde6ab3033bf17cdb6462ddfee26041e878d567"
imports = []

[[package]]
id = "lexlean.std.bool"
version = "1.1.0"
kind = "builtin"
source = "embedded"
revision = "compiler-semantics"
tree_sha256 = "9f84dae675e88c2ecda76681e29d32133891f463313632334fbeeb68e0da68f9"
manifest_sha256 = "6dacc8e2cadf580017d572d9a487c3815f3ca816108b183e5b55aace617aeb15"
imports = ["lexlean.core@1.1.0"]

[[package]]
id = "lexlean.std.nat"
version = "1.1.0"
kind = "builtin"
source = "embedded"
revision = "compiler-semantics"
tree_sha256 = "427e771881ebc347f3614e37b9cde96bd56800c7492c78e1a3621b9f2cf05df5"
manifest_sha256 = "be2cb414091d5b8697f924de516cff5ccaa6cc9265ff1f3af8b15edb2b98bda7"
imports = ["lexlean.core@1.1.0", "lexlean.std.bool@1.1.0"]
